{
  "name": "finalprojects22-the-big-result",
  "lockfileVersion": 2,
  "requires": true,
  "packages": {
    "": {
      "dependencies": {
        "@fullcalendar/core": "^5.11.0"
      }
    },
    "node_modules/@fullcalendar/common": {
      "version": "5.11.0",
      "resolved": "https://registry.npmjs.org/@fullcalendar/common/-/common-5.11.0.tgz",
      "integrity": "sha512-gWjbMAnN1u73Oqlgjbyky7i+3bY0hvFSnGT0YBPx44n874AkQa9e9OU12PMLTMOPy0tXPb8DEwRelFQ7CJNbcw==",
      "dependencies": {
        "tslib": "^2.1.0"
      }
    },
    "node_modules/@fullcalendar/core": {
      "version": "5.11.0",
      "resolved": "https://registry.npmjs.org/@fullcalendar/core/-/core-5.11.0.tgz",
      "integrity": "sha512-cF/d9LuJb/6xw14ms0urv1H4BiA70c4jrufe/EuVzLR6qTDpK92IZ3JK7GVtZtzptfTYZ/NQgDV9YCzIaO9Blw==",
      "dependencies": {
        "@fullcalendar/common": "~5.11.0",
        "preact": "^10.0.5",
        "tslib": "^2.1.0"
      }
    },
    "node_modules/preact": {
      "version": "10.8.2",
      "resolved": "https://registry.npmjs.org/preact/-/preact-10.8.2.tgz",
      "integrity": "sha512-AKGt0BsDSiAYzVS78jZ9qRwuorY2CoSZtf1iOC6gLb/3QyZt+fLT09aYJBjRc/BEcRc4j+j3ggERMdNE43i1LQ==",
      "funding": {
        "type": "opencollective",
        "url": "https://opencollective.com/preact"
      }
    },
    "node_modules/tslib": {
      "version": "2.4.0",
      "resolved": "https://registry.npmjs.org/tslib/-/tslib-2.4.0.tgz",
      "integrity": "sha512-d6xOpEDfsi2CZVlPQzGeux8XMwLT9hssAsaPYExaQMuYskwb+x1x7J371tWlbBdWHroy99KnVB6qIkUbs5X3UQ=="
    }
  },
  "dependencies": {
    "@fullcalendar/common": {
      "version": "5.11.0",
      "resolved": "https://registry.npmjs.org/@fullcalendar/common/-/common-5.11.0.tgz",
      "integrity": "sha512-gWjbMAnN1u73Oqlgjbyky7i+3bY0hvFSnGT0YBPx44n874AkQa9e9OU12PMLTMOPy0tXPb8DEwRelFQ7CJNbcw==",
      "requires": {
        "tslib": "^2.1.0"
      }
    },
    "@fullcalendar/core": {
      "version": "5.11.0",
      "resolved": "https://registry.npmjs.org/@fullcalendar/core/-/core-5.11.0.tgz",
      "integrity": "sha512-cF/d9LuJb/6xw14ms0urv1H4BiA70c4jrufe/EuVzLR6qTDpK92IZ3JK7GVtZtzptfTYZ/NQgDV9YCzIaO9Blw==",
      "requires": {
        "@fullcalendar/common": "~5.11.0",
        "preact": "^10.0.5",
        "tslib": "^2.1.0"
      }
    },
    "preact": {
      "version": "10.8.2",
      "resolved": "https://registry.npmjs.org/preact/-/preact-10.8.2.tgz",
      "integrity": "sha512-AKGt0BsDSiAYzVS78jZ9qRwuorY2CoSZtf1iOC6gLb/3QyZt+fLT09aYJBjRc/BEcRc4j+j3ggERMdNE43i1LQ=="
    },
    "tslib": {
      "version": "2.4.0",
      "resolved": "https://registry.npmjs.org/tslib/-/tslib-2.4.0.tgz",
      "integrity": "sha512-d6xOpEDfsi2CZVlPQzGeux8XMwLT9hssAsaPYExaQMuYskwb+x1x7J371tWlbBdWHroy99KnVB6qIkUbs5X3UQ=="
    }
  }
}
